
Microsoft Visual Studio Solution File, Format Version 12.00
# Visual Studio 15
VisualStudioVersion = 15.0.28010.0
MinimumVisualStudioVersion = 10.0.40219.1
Project("{FAE04EC0-301F-11D3-BF4B-00C04F79EFBC}") = "MECSharp_19_AvoidOverloadingBaseClassMethods", "MECSharp_19_AvoidOverloadingBaseClassMethods\MECSharp_19_AvoidOverloadingBaseClassMethods.csproj", "{83A89145-671A-4E93-9926-D26EA498126D}"
EndProject
Project("{FAE04EC0-301F-11D3-BF4B-00C04F79EFBC}") = "MECSharp_20_HowEventsIncreaseCoupling", "MECSharp_20_HowEventsIncreaseCoupling\MECSharp_20_HowEventsIncreaseCoupling.csproj", "{587599E3-60CA-4720-8CAC-AC35B0B193CF}"
EndProject
Project("{FAE04EC0-301F-11D3-BF4B-00C04F79EFBC}") = "MECSharp_23_GivePartialClassesPartialMethods", "MECSharp_23_GivePartialClassesPartialMethods\MECSharp_23_GivePartialClassesPartialMethods.csproj", "{EFFD20B5-C48C-4FD5-8FC6-2A036AF5D57A}"
EndProject
Project("{FAE04EC0-301F-11D3-BF4B-00C04F79EFBC}") = "MECSharp_24_AvoidICloneable", "MECSharp_24_AvoidICloneable\MECSharp_24_AvoidICloneable.csproj", "{37EED7F5-DF3F-4462-AB22-9166165E9136}"
EndProject
Project("{FAE04EC0-301F-11D3-BF4B-00C04F79EFBC}") = "MECSharp_25_LimitArrayParamsToParamsArray", "MECSharp_25_LimitArrayParamsToParamsArray\MECSharp_25_LimitArrayParamsToParamsArray.csproj", "{1298279C-DC59-4D91-8B06-E69B953D765C}"
EndProject
Project("{FAE04EC0-301F-11D3-BF4B-00C04F79EFBC}") = "MECSharp_26_EnableImmErrRepInIteratorsAndAsyncMethods", "MECSharp_26_EnableImmErrRepInIteratorsAndAsyncMethods\MECSharp_26_EnableImmErrRepInIteratorsAndAsyncMethods.csproj", "{DCDF2CAE-1B97-4600-978E-2C69739A9F14}"
EndProject
Project("{2150E333-8FDC-42A3-9474-1A3956D46DE8}") = "Resources", "Resources", "{913C5998-18C5-4C48-ADF1-044EB3D1DC52}"
	ProjectSection(SolutionItems) = preProject
		C:\Users\Henrique\Desktop\cover.PNG = C:\Users\Henrique\Desktop\cover.PNG
	EndProjectSection
EndProject
Project("{FAE04EC0-301F-11D3-BF4B-00C04F79EFBC}") = "MECSharp_28_NeverWriteAsyncVoidMethods", "MECSharp_28_NeverWriteAsyncVoidMethods\MECSharp_28_NeverWriteAsyncVoidMethods.csproj", "{EA710F8C-14A4-49C1-B080-BCAC5AA00E4F}"
EndProject
Project("{FAE04EC0-301F-11D3-BF4B-00C04F79EFBC}") = "MECSharp_27_UseAsyncMethodsForAsyncWork", "MECSharp_27_UseAsyncMethodsForAsyncWork\MECSharp_27_UseAsyncMethodsForAsyncWork.csproj", "{C8F1C11F-017C-405C-A5B1-57DF13E98A82}"
EndProject
Project("{9A19103F-16F7-4668-BE54-9A1E7A4F7556}") = "Utilities", "Utilities\Utilities.csproj", "{F2E9F3CE-67CD-449A-AC9F-9EB4AAC228A6}"
EndProject
Project("{FAE04EC0-301F-11D3-BF4B-00C04F79EFBC}") = "MECSharp_28_NeverWriteAsyncVoidMethodsTests", "MECSharp_28_NeverWriteAsyncVoidMethodsTests\MECSharp_28_NeverWriteAsyncVoidMethodsTests.csproj", "{1B2258C8-521B-4345-B6DA-46C4B8974B85}"
EndProject
Project("{2150E333-8FDC-42A3-9474-1A3956D46DE8}") = "Tests", "Tests", "{E114022C-73DE-464E-9D46-BD5B6F585D26}"
EndProject
Project("{FAE04EC0-301F-11D3-BF4B-00C04F79EFBC}") = "MECSharp_29_AvoidComposingSyncAndAsyncMethods", "MECSharp_29_AvoidComposingSyncAndAsyncMethods\MECSharp_29_AvoidComposingSyncAndAsyncMethods.csproj", "{56343536-9593-4433-809E-2302149D68EA}"
EndProject
Project("{FAE04EC0-301F-11D3-BF4B-00C04F79EFBC}") = "MECSharp_29_AvoidComposingSyncAndAsyncMethods_GUI", "MECSharp_29_AvoidComposingSyncAndAsyncMethods_GUI\MECSharp_29_AvoidComposingSyncAndAsyncMethods_GUI.csproj", "{7F31755E-925B-4094-A965-20FFAF83F1CB}"
EndProject
Project("{FAE04EC0-301F-11D3-BF4B-00C04F79EFBC}") = "MECSharp_30_UseAsyncMethodsToAvoidThreadAllocAndCtxSwitch", "MECSharp_30_UseAsyncMethodsToAvoidThreadAllocAndCtxSwitch\MECSharp_30_UseAsyncMethodsToAvoidThreadAllocAndCtxSwitch.csproj", "{269E36BB-0144-4CEC-B813-E59768A6C282}"
EndProject
Project("{FAE04EC0-301F-11D3-BF4B-00C04F79EFBC}") = "MECSharp_31_AvoidMarshallingContextUnnecess", "MECSharp_31_AvoidMarshallingContextUnnecess\MECSharp_31_AvoidMarshallingContextUnnecess.csproj", "{70C02B68-ABE0-4CE2-83E0-3858A718ED6F}"
EndProject
Project("{FAE04EC0-301F-11D3-BF4B-00C04F79EFBC}") = "MECSharp_31_AvoidMarshallingContextUnnecess_GUI", "MECSharp_31_AvoidMarshallingContextUnnecess_GUI\MECSharp_31_AvoidMarshallingContextUnnecess_GUI.csproj", "{337E3B44-1D18-4418-B14E-E6454A3E40B3}"
EndProject
Global
	GlobalSection(SolutionConfigurationPlatforms) = preSolution
		Debug|Any CPU = Debug|Any CPU
		Release|Any CPU = Release|Any CPU
	EndGlobalSection
	GlobalSection(ProjectConfigurationPlatforms) = postSolution
		{83A89145-671A-4E93-9926-D26EA498126D}.Debug|Any CPU.ActiveCfg = Debug|Any CPU
		{83A89145-671A-4E93-9926-D26EA498126D}.Debug|Any CPU.Build.0 = Debug|Any CPU
		{83A89145-671A-4E93-9926-D26EA498126D}.Release|Any CPU.ActiveCfg = Release|Any CPU
		{83A89145-671A-4E93-9926-D26EA498126D}.Release|Any CPU.Build.0 = Release|Any CPU
		{587599E3-60CA-4720-8CAC-AC35B0B193CF}.Debug|Any CPU.ActiveCfg = Debug|Any CPU
		{587599E3-60CA-4720-8CAC-AC35B0B193CF}.Debug|Any CPU.Build.0 = Debug|Any CPU
		{587599E3-60CA-4720-8CAC-AC35B0B193CF}.Release|Any CPU.ActiveCfg = Release|Any CPU
		{587599E3-60CA-4720-8CAC-AC35B0B193CF}.Release|Any CPU.Build.0 = Release|Any CPU
		{EFFD20B5-C48C-4FD5-8FC6-2A036AF5D57A}.Debug|Any CPU.ActiveCfg = Debug|Any CPU
		{EFFD20B5-C48C-4FD5-8FC6-2A036AF5D57A}.Debug|Any CPU.Build.0 = Debug|Any CPU
		{EFFD20B5-C48C-4FD5-8FC6-2A036AF5D57A}.Release|Any CPU.ActiveCfg = Release|Any CPU
		{EFFD20B5-C48C-4FD5-8FC6-2A036AF5D57A}.Release|Any CPU.Build.0 = Release|Any CPU
		{37EED7F5-DF3F-4462-AB22-9166165E9136}.Debug|Any CPU.ActiveCfg = Debug|Any CPU
		{37EED7F5-DF3F-4462-AB22-9166165E9136}.Debug|Any CPU.Build.0 = Debug|Any CPU
		{37EED7F5-DF3F-4462-AB22-9166165E9136}.Release|Any CPU.ActiveCfg = Release|Any CPU
		{37EED7F5-DF3F-4462-AB22-9166165E9136}.Release|Any CPU.Build.0 = Release|Any CPU
		{1298279C-DC59-4D91-8B06-E69B953D765C}.Debug|Any CPU.ActiveCfg = Debug|Any CPU
		{1298279C-DC59-4D91-8B06-E69B953D765C}.Debug|Any CPU.Build.0 = Debug|Any CPU
		{1298279C-DC59-4D91-8B06-E69B953D765C}.Release|Any CPU.ActiveCfg = Release|Any CPU
		{1298279C-DC59-4D91-8B06-E69B953D765C}.Release|Any CPU.Build.0 = Release|Any CPU
		{DCDF2CAE-1B97-4600-978E-2C69739A9F14}.Debug|Any CPU.ActiveCfg = Debug|Any CPU
		{DCDF2CAE-1B97-4600-978E-2C69739A9F14}.Debug|Any CPU.Build.0 = Debug|Any CPU
		{DCDF2CAE-1B97-4600-978E-2C69739A9F14}.Release|Any CPU.ActiveCfg = Release|Any CPU
		{DCDF2CAE-1B97-4600-978E-2C69739A9F14}.Release|Any CPU.Build.0 = Release|Any CPU
		{EA710F8C-14A4-49C1-B080-BCAC5AA00E4F}.Debug|Any CPU.ActiveCfg = Debug|Any CPU
		{EA710F8C-14A4-49C1-B080-BCAC5AA00E4F}.Debug|Any CPU.Build.0 = Debug|Any CPU
		{EA710F8C-14A4-49C1-B080-BCAC5AA00E4F}.Release|Any CPU.ActiveCfg = Release|Any CPU
		{EA710F8C-14A4-49C1-B080-BCAC5AA00E4F}.Release|Any CPU.Build.0 = Release|Any CPU
		{C8F1C11F-017C-405C-A5B1-57DF13E98A82}.Debug|Any CPU.ActiveCfg = Debug|Any CPU
		{C8F1C11F-017C-405C-A5B1-57DF13E98A82}.Debug|Any CPU.Build.0 = Debug|Any CPU
		{C8F1C11F-017C-405C-A5B1-57DF13E98A82}.Release|Any CPU.ActiveCfg = Release|Any CPU
		{C8F1C11F-017C-405C-A5B1-57DF13E98A82}.Release|Any CPU.Build.0 = Release|Any CPU
		{F2E9F3CE-67CD-449A-AC9F-9EB4AAC228A6}.Debug|Any CPU.ActiveCfg = Debug|Any CPU
		{F2E9F3CE-67CD-449A-AC9F-9EB4AAC228A6}.Debug|Any CPU.Build.0 = Debug|Any CPU
		{F2E9F3CE-67CD-449A-AC9F-9EB4AAC228A6}.Release|Any CPU.ActiveCfg = Release|Any CPU
		{F2E9F3CE-67CD-449A-AC9F-9EB4AAC228A6}.Release|Any CPU.Build.0 = Release|Any CPU
		{1B2258C8-521B-4345-B6DA-46C4B8974B85}.Debug|Any CPU.ActiveCfg = Debug|Any CPU
		{1B2258C8-521B-4345-B6DA-46C4B8974B85}.Debug|Any CPU.Build.0 = Debug|Any CPU
		{1B2258C8-521B-4345-B6DA-46C4B8974B85}.Release|Any CPU.ActiveCfg = Release|Any CPU
		{1B2258C8-521B-4345-B6DA-46C4B8974B85}.Release|Any CPU.Build.0 = Release|Any CPU
		{56343536-9593-4433-809E-2302149D68EA}.Debug|Any CPU.ActiveCfg = Debug|Any CPU
		{56343536-9593-4433-809E-2302149D68EA}.Debug|Any CPU.Build.0 = Debug|Any CPU
		{56343536-9593-4433-809E-2302149D68EA}.Release|Any CPU.ActiveCfg = Release|Any CPU
		{56343536-9593-4433-809E-2302149D68EA}.Release|Any CPU.Build.0 = Release|Any CPU
		{7F31755E-925B-4094-A965-20FFAF83F1CB}.Debug|Any CPU.ActiveCfg = Debug|Any CPU
		{7F31755E-925B-4094-A965-20FFAF83F1CB}.Debug|Any CPU.Build.0 = Debug|Any CPU
		{7F31755E-925B-4094-A965-20FFAF83F1CB}.Release|Any CPU.ActiveCfg = Release|Any CPU
		{7F31755E-925B-4094-A965-20FFAF83F1CB}.Release|Any CPU.Build.0 = Release|Any CPU
		{269E36BB-0144-4CEC-B813-E59768A6C282}.Debug|Any CPU.ActiveCfg = Debug|Any CPU
		{269E36BB-0144-4CEC-B813-E59768A6C282}.Debug|Any CPU.Build.0 = Debug|Any CPU
		{269E36BB-0144-4CEC-B813-E59768A6C282}.Release|Any CPU.ActiveCfg = Release|Any CPU
		{269E36BB-0144-4CEC-B813-E59768A6C282}.Release|Any CPU.Build.0 = Release|Any CPU
		{70C02B68-ABE0-4CE2-83E0-3858A718ED6F}.Debug|Any CPU.ActiveCfg = Debug|Any CPU
		{70C02B68-ABE0-4CE2-83E0-3858A718ED6F}.Debug|Any CPU.Build.0 = Debug|Any CPU
		{70C02B68-ABE0-4CE2-83E0-3858A718ED6F}.Release|Any CPU.ActiveCfg = Release|Any CPU
		{70C02B68-ABE0-4CE2-83E0-3858A718ED6F}.Release|Any CPU.Build.0 = Release|Any CPU
		{337E3B44-1D18-4418-B14E-E6454A3E40B3}.Debug|Any CPU.ActiveCfg = Debug|Any CPU
		{337E3B44-1D18-4418-B14E-E6454A3E40B3}.Debug|Any CPU.Build.0 = Debug|Any CPU
		{337E3B44-1D18-4418-B14E-E6454A3E40B3}.Release|Any CPU.ActiveCfg = Release|Any CPU
		{337E3B44-1D18-4418-B14E-E6454A3E40B3}.Release|Any CPU.Build.0 = Release|Any CPU
	EndGlobalSection
	GlobalSection(SolutionProperties) = preSolution
		HideSolutionNode = FALSE
	EndGlobalSection
	GlobalSection(NestedProjects) = preSolution
		{1B2258C8-521B-4345-B6DA-46C4B8974B85} = {E114022C-73DE-464E-9D46-BD5B6F585D26}
	EndGlobalSection
	GlobalSection(ExtensibilityGlobals) = postSolution
		SolutionGuid = {6F24F976-D0F9-473E-A7BF-80DD6E3938B7}
	EndGlobalSection
EndGlobal
